
Microsoft Visual Studio Solution File, Format Version 12.00
# Visual Studio 14
VisualStudioVersion = 14.0.25123.0
MinimumVisualStudioVersion = 10.0.40219.1
Project("{FAE04EC0-301F-11D3-BF4B-00C04F79EFBC}") = "LustyCoin.Droid", "LustyCoin\LustyCoin.Droid\LustyCoin.Droid.csproj", "{C480E5B4-60F3-4247-9824-02E96BBE43F3}"
EndProject
Project("{FAE04EC0-301F-11D3-BF4B-00C04F79EFBC}") = "LustyCoin.iOS", "LustyCoin\LustyCoin.iOS\LustyCoin.iOS.csproj", "{84689B33-AB6C-4052-B6BC-69624CE7E84D}"
EndProject
Project("{FAE04EC0-301F-11D3-BF4B-00C04F79EFBC}") = "LustyCoin.WinPhone", "LustyCoin\LustyCoin.WinPhone\LustyCoin.WinPhone.csproj", "{B14759F8-85E8-4EA9-8692-EAB408AE8096}"
EndProject
Project("{FAE04EC0-301F-11D3-BF4B-00C04F79EFBC}") = "LustyCoin.UWP", "LustyCoin\LustyCoin.UWP\LustyCoin.UWP.csproj", "{EECE86F5-6D13-499E-B318-2672EFC31C54}"
EndProject
Project("{FAE04EC0-301F-11D3-BF4B-00C04F79EFBC}") = "LustyCoin.Windows", "LustyCoin\LustyCoin.Windows\LustyCoin.Windows.csproj", "{15143EFA-184E-48EB-A103-507D1DEC4ABA}"
EndProject
Project("{FAE04EC0-301F-11D3-BF4B-00C04F79EFBC}") = "LustyCoin", "LustyCoin\LustyCoin\LustyCoin.csproj", "{2AF9C0D4-1F3B-49E6-99B0-0112C7133917}"
EndProject
Project("{2150E333-8FDC-42A3-9474-1A3956D46DE8}") = "Targets", "Targets", "{784392B3-5C21-4EAF-87D9-3C372039AD55}"
EndProject
Global
	GlobalSection(SolutionConfigurationPlatforms) = preSolution
		Ad-Hoc|Any CPU = Ad-Hoc|Any CPU
		Ad-Hoc|ARM = Ad-Hoc|ARM
		Ad-Hoc|iPhone = Ad-Hoc|iPhone
		Ad-Hoc|iPhoneSimulator = Ad-Hoc|iPhoneSimulator
		Ad-Hoc|x64 = Ad-Hoc|x64
		Ad-Hoc|x86 = Ad-Hoc|x86
		AppStore|Any CPU = AppStore|Any CPU
		AppStore|ARM = AppStore|ARM
		AppStore|iPhone = AppStore|iPhone
		AppStore|iPhoneSimulator = AppStore|iPhoneSimulator
		AppStore|x64 = AppStore|x64
		AppStore|x86 = AppStore|x86
		Debug|Any CPU = Debug|Any CPU
		Debug|ARM = Debug|ARM
		Debug|iPhone = Debug|iPhone
		Debug|iPhoneSimulator = Debug|iPhoneSimulator
		Debug|x64 = Debug|x64
		Debug|x86 = Debug|x86
		Release|Any CPU = Release|Any CPU
		Release|ARM = Release|ARM
		Release|iPhone = Release|iPhone
		Release|iPhoneSimulator = Release|iPhoneSimulator
		Release|x64 = Release|x64
		Release|x86 = Release|x86
	EndGlobalSection
	GlobalSection(ProjectConfigurationPlatforms) = postSolution
		{C480E5B4-60F3-4247-9824-02E96BBE43F3}.Ad-Hoc|Any CPU.ActiveCfg = Release|Any CPU
		{C480E5B4-60F3-4247-9824-02E96BBE43F3}.Ad-Hoc|Any CPU.Build.0 = Release|Any CPU
		{C480E5B4-60F3-4247-9824-02E96BBE43F3}.Ad-Hoc|Any CPU.Deploy.0 = Release|Any CPU
		{C480E5B4-60F3-4247-9824-02E96BBE43F3}.Ad-Hoc|ARM.ActiveCfg = Release|Any CPU
		{C480E5B4-60F3-4247-9824-02E96BBE43F3}.Ad-Hoc|ARM.Build.0 = Release|Any CPU
		{C480E5B4-60F3-4247-9824-02E96BBE43F3}.Ad-Hoc|ARM.Deploy.0 = Release|Any CPU
		{C480E5B4-60F3-4247-9824-02E96BBE43F3}.Ad-Hoc|iPhone.ActiveCfg = Release|Any CPU
		{C480E5B4-60F3-4247-9824-02E96BBE43F3}.Ad-Hoc|iPhone.Build.0 = Release|Any CPU
		{C480E5B4-60F3-4247-9824-02E96BBE43F3}.Ad-Hoc|iPhone.Deploy.0 = Release|Any CPU
		{C480E5B4-60F3-4247-9824-02E96BBE43F3}.Ad-Hoc|iPhoneSimulator.ActiveCfg = Release|Any CPU
		{C480E5B4-60F3-4247-9824-02E96BBE43F3}.Ad-Hoc|iPhoneSimulator.Build.0 = Release|Any CPU
		{C480E5B4-60F3-4247-9824-02E96BBE43F3}.Ad-Hoc|iPhoneSimulator.Deploy.0 = Release|Any CPU
		{C480E5B4-60F3-4247-9824-02E96BBE43F3}.Ad-Hoc|x64.ActiveCfg = Release|Any CPU
		{C480E5B4-60F3-4247-9824-02E96BBE43F3}.Ad-Hoc|x64.Build.0 = Release|Any CPU
		{C480E5B4-60F3-4247-9824-02E96BBE43F3}.Ad-Hoc|x64.Deploy.0 = Release|Any CPU
		{C480E5B4-60F3-4247-9824-02E96BBE43F3}.Ad-Hoc|x86.ActiveCfg = Release|Any CPU
		{C480E5B4-60F3-4247-9824-02E96BBE43F3}.Ad-Hoc|x86.Build.0 = Release|Any CPU
		{C480E5B4-60F3-4247-9824-02E96BBE43F3}.Ad-Hoc|x86.Deploy.0 = Release|Any CPU
		{C480E5B4-60F3-4247-9824-02E96BBE43F3}.AppStore|Any CPU.ActiveCfg = Release|Any CPU
		{C480E5B4-60F3-4247-9824-02E96BBE43F3}.AppStore|Any CPU.Build.0 = Release|Any CPU
		{C480E5B4-60F3-4247-9824-02E96BBE43F3}.AppStore|Any CPU.Deploy.0 = Release|Any CPU
		{C480E5B4-60F3-4247-9824-02E96BBE43F3}.AppStore|ARM.ActiveCfg = Release|Any CPU
		{C480E5B4-60F3-4247-9824-02E96BBE43F3}.AppStore|ARM.Build.0 = Release|Any CPU
		{C480E5B4-60F3-4247-9824-02E96BBE43F3}.AppStore|ARM.Deploy.0 = Release|Any CPU
		{C480E5B4-60F3-4247-9824-02E96BBE43F3}.AppStore|iPhone.ActiveCfg = Release|Any CPU
		{C480E5B4-60F3-4247-9824-02E96BBE43F3}.AppStore|iPhone.Build.0 = Release|Any CPU
		{C480E5B4-60F3-4247-9824-02E96BBE43F3}.AppStore|iPhone.Deploy.0 = Release|Any CPU
		{C480E5B4-60F3-4247-9824-02E96BBE43F3}.AppStore|iPhoneSimulator.ActiveCfg = Release|Any CPU
		{C480E5B4-60F3-4247-9824-02E96BBE43F3}.AppStore|iPhoneSimulator.Build.0 = Release|Any CPU
		{C480E5B4-60F3-4247-9824-02E96BBE43F3}.AppStore|iPhoneSimulator.Deploy.0 = Release|Any CPU
		{C480E5B4-60F3-4247-9824-02E96BBE43F3}.AppStore|x64.ActiveCfg = Release|Any CPU
		{C480E5B4-60F3-4247-9824-02E96BBE43F3}.AppStore|x64.Build.0 = Release|Any CPU
		{C480E5B4-60F3-4247-9824-02E96BBE43F3}.AppStore|x64.Deploy.0 = Release|Any CPU
		{C480E5B4-60F3-4247-9824-02E96BBE43F3}.AppStore|x86.ActiveCfg = Release|Any CPU
		{C480E5B4-60F3-4247-9824-02E96BBE43F3}.AppStore|x86.Build.0 = Release|Any CPU
		{C480E5B4-60F3-4247-9824-02E96BBE43F3}.AppStore|x86.Deploy.0 = Release|Any CPU
		{C480E5B4-60F3-4247-9824-02E96BBE43F3}.Debug|Any CPU.ActiveCfg = Debug|Any CPU
		{C480E5B4-60F3-4247-9824-02E96BBE43F3}.Debug|Any CPU.Build.0 = Debug|Any CPU
		{C480E5B4-60F3-4247-9824-02E96BBE43F3}.Debug|Any CPU.Deploy.0 = Debug|Any CPU
		{C480E5B4-60F3-4247-9824-02E96BBE43F3}.Debug|ARM.ActiveCfg = Debug|Any CPU
		{C480E5B4-60F3-4247-9824-02E96BBE43F3}.Debug|ARM.Build.0 = Debug|Any CPU
		{C480E5B4-60F3-4247-9824-02E96BBE43F3}.Debug|ARM.Deploy.0 = Debug|Any CPU
		{C480E5B4-60F3-4247-9824-02E96BBE43F3}.Debug|iPhone.ActiveCfg = Debug|Any CPU
		{C480E5B4-60F3-4247-9824-02E96BBE43F3}.Debug|iPhone.Build.0 = Debug|Any CPU
		{C480E5B4-60F3-4247-9824-02E96BBE43F3}.Debug|iPhone.Deploy.0 = Debug|Any CPU
		{C480E5B4-60F3-4247-9824-02E96BBE43F3}.Debug|iPhoneSimulator.ActiveCfg = Debug|Any CPU
		{C480E5B4-60F3-4247-9824-02E96BBE43F3}.Debug|iPhoneSimulator.Build.0 = Debug|Any CPU
		{C480E5B4-60F3-4247-9824-02E96BBE43F3}.Debug|iPhoneSimulator.Deploy.0 = Debug|Any CPU
		{C480E5B4-60F3-4247-9824-02E96BBE43F3}.Debug|x64.ActiveCfg = Debug|Any CPU
		{C480E5B4-60F3-4247-9824-02E96BBE43F3}.Debug|x64.Build.0 = Debug|Any CPU
		{C480E5B4-60F3-4247-9824-02E96BBE43F3}.Debug|x64.Deploy.0 = Debug|Any CPU
		{C480E5B4-60F3-4247-9824-02E96BBE43F3}.Debug|x86.ActiveCfg = Debug|Any CPU
		{C480E5B4-60F3-4247-9824-02E96BBE43F3}.Debug|x86.Build.0 = Debug|Any CPU
		{C480E5B4-60F3-4247-9824-02E96BBE43F3}.Debug|x86.Deploy.0 = Debug|Any CPU
		{C480E5B4-60F3-4247-9824-02E96BBE43F3}.Release|Any CPU.ActiveCfg = Release|Any CPU
		{C480E5B4-60F3-4247-9824-02E96BBE43F3}.Release|Any CPU.Build.0 = Release|Any CPU
		{C480E5B4-60F3-4247-9824-02E96BBE43F3}.Release|Any CPU.Deploy.0 = Release|Any CPU
		{C480E5B4-60F3-4247-9824-02E96BBE43F3}.Release|ARM.ActiveCfg = Release|Any CPU
		{C480E5B4-60F3-4247-9824-02E96BBE43F3}.Release|ARM.Build.0 = Release|Any CPU
		{C480E5B4-60F3-4247-9824-02E96BBE43F3}.Release|ARM.Deploy.0 = Release|Any CPU
		{C480E5B4-60F3-4247-9824-02E96BBE43F3}.Release|iPhone.ActiveCfg = Release|Any CPU
		{C480E5B4-60F3-4247-9824-02E96BBE43F3}.Release|iPhone.Build.0 = Release|Any CPU
		{C480E5B4-60F3-4247-9824-02E96BBE43F3}.Release|iPhone.Deploy.0 = Release|Any CPU
		{C480E5B4-60F3-4247-9824-02E96BBE43F3}.Release|iPhoneSimulator.ActiveCfg = Release|Any CPU
		{C480E5B4-60F3-4247-9824-02E96BBE43F3}.Release|iPhoneSimulator.Build.0 = Release|Any CPU
		{C480E5B4-60F3-4247-9824-02E96BBE43F3}.Release|iPhoneSimulator.Deploy.0 = Release|Any CPU
		{C480E5B4-60F3-4247-9824-02E96BBE43F3}.Release|x64.ActiveCfg = Release|Any CPU
		{C480E5B4-60F3-4247-9824-02E96BBE43F3}.Release|x64.Build.0 = Release|Any CPU
		{C480E5B4-60F3-4247-9824-02E96BBE43F3}.Release|x64.Deploy.0 = Release|Any CPU
		{C480E5B4-60F3-4247-9824-02E96BBE43F3}.Release|x86.ActiveCfg = Release|Any CPU
		{C480E5B4-60F3-4247-9824-02E96BBE43F3}.Release|x86.Build.0 = Release|Any CPU
		{C480E5B4-60F3-4247-9824-02E96BBE43F3}.Release|x86.Deploy.0 = Release|Any CPU
		{84689B33-AB6C-4052-B6BC-69624CE7E84D}.Ad-Hoc|Any CPU.ActiveCfg = Ad-Hoc|iPhone
		{84689B33-AB6C-4052-B6BC-69624CE7E84D}.Ad-Hoc|ARM.ActiveCfg = Ad-Hoc|iPhone
		{84689B33-AB6C-4052-B6BC-69624CE7E84D}.Ad-Hoc|iPhone.ActiveCfg = Ad-Hoc|iPhone
		{84689B33-AB6C-4052-B6BC-69624CE7E84D}.Ad-Hoc|iPhone.Build.0 = Ad-Hoc|iPhone
		{84689B33-AB6C-4052-B6BC-69624CE7E84D}.Ad-Hoc|iPhoneSimulator.ActiveCfg = Ad-Hoc|iPhoneSimulator
		{84689B33-AB6C-4052-B6BC-69624CE7E84D}.Ad-Hoc|iPhoneSimulator.Build.0 = Ad-Hoc|iPhoneSimulator
		{84689B33-AB6C-4052-B6BC-69624CE7E84D}.Ad-Hoc|x64.ActiveCfg = Ad-Hoc|iPhone
		{84689B33-AB6C-4052-B6BC-69624CE7E84D}.Ad-Hoc|x86.ActiveCfg = Ad-Hoc|iPhone
		{84689B33-AB6C-4052-B6BC-69624CE7E84D}.AppStore|Any CPU.ActiveCfg = AppStore|iPhone
		{84689B33-AB6C-4052-B6BC-69624CE7E84D}.AppStore|ARM.ActiveCfg = AppStore|iPhone
		{84689B33-AB6C-4052-B6BC-69624CE7E84D}.AppStore|iPhone.ActiveCfg = AppStore|iPhone
		{84689B33-AB6C-4052-B6BC-69624CE7E84D}.AppStore|iPhone.Build.0 = AppStore|iPhone
		{84689B33-AB6C-4052-B6BC-69624CE7E84D}.AppStore|iPhoneSimulator.ActiveCfg = AppStore|iPhoneSimulator
		{84689B33-AB6C-4052-B6BC-69624CE7E84D}.AppStore|iPhoneSimulator.Build.0 = AppStore|iPhoneSimulator
		{84689B33-AB6C-4052-B6BC-69624CE7E84D}.AppStore|x64.ActiveCfg = AppStore|iPhone
		{84689B33-AB6C-4052-B6BC-69624CE7E84D}.AppStore|x86.ActiveCfg = AppStore|iPhone
		{84689B33-AB6C-4052-B6BC-69624CE7E84D}.Debug|Any CPU.ActiveCfg = Debug|iPhone
		{84689B33-AB6C-4052-B6BC-69624CE7E84D}.Debug|ARM.ActiveCfg = Debug|iPhone
		{84689B33-AB6C-4052-B6BC-69624CE7E84D}.Debug|iPhone.ActiveCfg = Debug|iPhone
		{84689B33-AB6C-4052-B6BC-69624CE7E84D}.Debug|iPhone.Build.0 = Debug|iPhone
		{84689B33-AB6C-4052-B6BC-69624CE7E84D}.Debug|iPhoneSimulator.ActiveCfg = Debug|iPhoneSimulator
		{84689B33-AB6C-4052-B6BC-69624CE7E84D}.Debug|iPhoneSimulator.Build.0 = Debug|iPhoneSimulator
		{84689B33-AB6C-4052-B6BC-69624CE7E84D}.Debug|x64.ActiveCfg = Debug|iPhone
		{84689B33-AB6C-4052-B6BC-69624CE7E84D}.Debug|x86.ActiveCfg = Debug|iPhone
		{84689B33-AB6C-4052-B6BC-69624CE7E84D}.Release|Any CPU.ActiveCfg = Release|iPhone
		{84689B33-AB6C-4052-B6BC-69624CE7E84D}.Release|ARM.ActiveCfg = Release|iPhone
		{84689B33-AB6C-4052-B6BC-69624CE7E84D}.Release|iPhone.ActiveCfg = Release|iPhone
		{84689B33-AB6C-4052-B6BC-69624CE7E84D}.Release|iPhone.Build.0 = Release|iPhone
		{84689B33-AB6C-4052-B6BC-69624CE7E84D}.Release|iPhoneSimulator.ActiveCfg = Release|iPhoneSimulator
		{84689B33-AB6C-4052-B6BC-69624CE7E84D}.Release|iPhoneSimulator.Build.0 = Release|iPhoneSimulator
		{84689B33-AB6C-4052-B6BC-69624CE7E84D}.Release|x64.ActiveCfg = Release|iPhone
		{84689B33-AB6C-4052-B6BC-69624CE7E84D}.Release|x86.ActiveCfg = Release|iPhone
		{B14759F8-85E8-4EA9-8692-EAB408AE8096}.Ad-Hoc|Any CPU.ActiveCfg = Release|Any CPU
		{B14759F8-85E8-4EA9-8692-EAB408AE8096}.Ad-Hoc|Any CPU.Build.0 = Release|Any CPU
		{B14759F8-85E8-4EA9-8692-EAB408AE8096}.Ad-Hoc|Any CPU.Deploy.0 = Release|Any CPU
		{B14759F8-85E8-4EA9-8692-EAB408AE8096}.Ad-Hoc|ARM.ActiveCfg = Release|ARM
		{B14759F8-85E8-4EA9-8692-EAB408AE8096}.Ad-Hoc|ARM.Build.0 = Release|ARM
		{B14759F8-85E8-4EA9-8692-EAB408AE8096}.Ad-Hoc|ARM.Deploy.0 = Release|ARM
		{B14759F8-85E8-4EA9-8692-EAB408AE8096}.Ad-Hoc|iPhone.ActiveCfg = Release|Any CPU
		{B14759F8-85E8-4EA9-8692-EAB408AE8096}.Ad-Hoc|iPhone.Build.0 = Release|Any CPU
		{B14759F8-85E8-4EA9-8692-EAB408AE8096}.Ad-Hoc|iPhone.Deploy.0 = Release|Any CPU
		{B14759F8-85E8-4EA9-8692-EAB408AE8096}.Ad-Hoc|iPhoneSimulator.ActiveCfg = Release|Any CPU
		{B14759F8-85E8-4EA9-8692-EAB408AE8096}.Ad-Hoc|iPhoneSimulator.Build.0 = Release|Any CPU
		{B14759F8-85E8-4EA9-8692-EAB408AE8096}.Ad-Hoc|iPhoneSimulator.Deploy.0 = Release|Any CPU
		{B14759F8-85E8-4EA9-8692-EAB408AE8096}.Ad-Hoc|x64.ActiveCfg = Release|Any CPU
		{B14759F8-85E8-4EA9-8692-EAB408AE8096}.Ad-Hoc|x64.Build.0 = Release|Any CPU
		{B14759F8-85E8-4EA9-8692-EAB408AE8096}.Ad-Hoc|x64.Deploy.0 = Release|Any CPU
		{B14759F8-85E8-4EA9-8692-EAB408AE8096}.Ad-Hoc|x86.ActiveCfg = Release|x86
		{B14759F8-85E8-4EA9-8692-EAB408AE8096}.Ad-Hoc|x86.Build.0 = Release|x86
		{B14759F8-85E8-4EA9-8692-EAB408AE8096}.Ad-Hoc|x86.Deploy.0 = Release|x86
		{B14759F8-85E8-4EA9-8692-EAB408AE8096}.AppStore|Any CPU.ActiveCfg = Release|Any CPU
		{B14759F8-85E8-4EA9-8692-EAB408AE8096}.AppStore|Any CPU.Build.0 = Release|Any CPU
		{B14759F8-85E8-4EA9-8692-EAB408AE8096}.AppStore|Any CPU.Deploy.0 = Release|Any CPU
		{B14759F8-85E8-4EA9-8692-EAB408AE8096}.AppStore|ARM.ActiveCfg = Release|ARM
		{B14759F8-85E8-4EA9-8692-EAB408AE8096}.AppStore|ARM.Build.0 = Release|ARM
		{B14759F8-85E8-4EA9-8692-EAB408AE8096}.AppStore|ARM.Deploy.0 = Release|ARM
		{B14759F8-85E8-4EA9-8692-EAB408AE8096}.AppStore|iPhone.ActiveCfg = Release|Any CPU
		{B14759F8-85E8-4EA9-8692-EAB408AE8096}.AppStore|iPhone.Build.0 = Release|Any CPU
		{B14759F8-85E8-4EA9-8692-EAB408AE8096}.AppStore|iPhone.Deploy.0 = Release|Any CPU
		{B14759F8-85E8-4EA9-8692-EAB408AE8096}.AppStore|iPhoneSimulator.ActiveCfg = Release|Any CPU
		{B14759F8-85E8-4EA9-8692-EAB408AE8096}.AppStore|iPhoneSimulator.Build.0 = Release|Any CPU
		{B14759F8-85E8-4EA9-8692-EAB408AE8096}.AppStore|iPhoneSimulator.Deploy.0 = Release|Any CPU
		{B14759F8-85E8-4EA9-8692-EAB408AE8096}.AppStore|x64.ActiveCfg = Release|Any CPU
		{B14759F8-85E8-4EA9-8692-EAB408AE8096}.AppStore|x64.Build.0 = Release|Any CPU
		{B14759F8-85E8-4EA9-8692-EAB408AE8096}.AppStore|x64.Deploy.0 = Release|Any CPU
		{B14759F8-85E8-4EA9-8692-EAB408AE8096}.AppStore|x86.ActiveCfg = Release|x86
		{B14759F8-85E8-4EA9-8692-EAB408AE8096}.AppStore|x86.Build.0 = Release|x86
		{B14759F8-85E8-4EA9-8692-EAB408AE8096}.AppStore|x86.Deploy.0 = Release|x86
		{B14759F8-85E8-4EA9-8692-EAB408AE8096}.Debug|Any CPU.ActiveCfg = Debug|Any CPU
		{B14759F8-85E8-4EA9-8692-EAB408AE8096}.Debug|Any CPU.Build.0 = Debug|Any CPU
		{B14759F8-85E8-4EA9-8692-EAB408AE8096}.Debug|Any CPU.Deploy.0 = Debug|Any CPU
		{B14759F8-85E8-4EA9-8692-EAB408AE8096}.Debug|ARM.ActiveCfg = Debug|ARM
		{B14759F8-85E8-4EA9-8692-EAB408AE8096}.Debug|ARM.Build.0 = Debug|ARM
		{B14759F8-85E8-4EA9-8692-EAB408AE8096}.Debug|ARM.Deploy.0 = Debug|ARM
		{B14759F8-85E8-4EA9-8692-EAB408AE8096}.Debug|iPhone.ActiveCfg = Debug|Any CPU
		{B14759F8-85E8-4EA9-8692-EAB408AE8096}.Debug|iPhone.Build.0 = Debug|Any CPU
		{B14759F8-85E8-4EA9-8692-EAB408AE8096}.Debug|iPhone.Deploy.0 = Debug|Any CPU
		{B14759F8-85E8-4EA9-8692-EAB408AE8096}.Debug|iPhoneSimulator.ActiveCfg = Debug|Any CPU
		{B14759F8-85E8-4EA9-8692-EAB408AE8096}.Debug|iPhoneSimulator.Build.0 = Debug|Any CPU
		{B14759F8-85E8-4EA9-8692-EAB408AE8096}.Debug|iPhoneSimulator.Deploy.0 = Debug|Any CPU
		{B14759F8-85E8-4EA9-8692-EAB408AE8096}.Debug|x64.ActiveCfg = Debug|Any CPU
		{B14759F8-85E8-4EA9-8692-EAB408AE8096}.Debug|x64.Build.0 = Debug|Any CPU
		{B14759F8-85E8-4EA9-8692-EAB408AE8096}.Debug|x64.Deploy.0 = Debug|Any CPU
		{B14759F8-85E8-4EA9-8692-EAB408AE8096}.Debug|x86.ActiveCfg = Debug|x86
		{B14759F8-85E8-4EA9-8692-EAB408AE8096}.Debug|x86.Build.0 = Debug|x86
		{B14759F8-85E8-4EA9-8692-EAB408AE8096}.Debug|x86.Deploy.0 = Debug|x86
		{B14759F8-85E8-4EA9-8692-EAB408AE8096}.Release|Any CPU.ActiveCfg = Release|Any CPU
		{B14759F8-85E8-4EA9-8692-EAB408AE8096}.Release|Any CPU.Build.0 = Release|Any CPU
		{B14759F8-85E8-4EA9-8692-EAB408AE8096}.Release|Any CPU.Deploy.0 = Release|Any CPU
		{B14759F8-85E8-4EA9-8692-EAB408AE8096}.Release|ARM.ActiveCfg = Release|ARM
		{B14759F8-85E8-4EA9-8692-EAB408AE8096}.Release|ARM.Build.0 = Release|ARM
		{B14759F8-85E8-4EA9-8692-EAB408AE8096}.Release|ARM.Deploy.0 = Release|ARM
		{B14759F8-85E8-4EA9-8692-EAB408AE8096}.Release|iPhone.ActiveCfg = Release|Any CPU
		{B14759F8-85E8-4EA9-8692-EAB408AE8096}.Release|iPhone.Build.0 = Release|Any CPU
		{B14759F8-85E8-4EA9-8692-EAB408AE8096}.Release|iPhone.Deploy.0 = Release|Any CPU
		{B14759F8-85E8-4EA9-8692-EAB408AE8096}.Release|iPhoneSimulator.ActiveCfg = Release|Any CPU
		{B14759F8-85E8-4EA9-8692-EAB408AE8096}.Release|iPhoneSimulator.Build.0 = Release|Any CPU
		{B14759F8-85E8-4EA9-8692-EAB408AE8096}.Release|iPhoneSimulator.Deploy.0 = Release|Any CPU
		{B14759F8-85E8-4EA9-8692-EAB408AE8096}.Release|x64.ActiveCfg = Release|Any CPU
		{B14759F8-85E8-4EA9-8692-EAB408AE8096}.Release|x64.Build.0 = Release|Any CPU
		{B14759F8-85E8-4EA9-8692-EAB408AE8096}.Release|x64.Deploy.0 = Release|Any CPU
		{B14759F8-85E8-4EA9-8692-EAB408AE8096}.Release|x86.ActiveCfg = Release|x86
		{B14759F8-85E8-4EA9-8692-EAB408AE8096}.Release|x86.Build.0 = Release|x86
		{B14759F8-85E8-4EA9-8692-EAB408AE8096}.Release|x86.Deploy.0 = Release|x86
		{EECE86F5-6D13-499E-B318-2672EFC31C54}.Ad-Hoc|Any CPU.ActiveCfg = Release|x86
		{EECE86F5-6D13-499E-B318-2672EFC31C54}.Ad-Hoc|Any CPU.Build.0 = Release|x86
		{EECE86F5-6D13-499E-B318-2672EFC31C54}.Ad-Hoc|Any CPU.Deploy.0 = Release|x86
		{EECE86F5-6D13-499E-B318-2672EFC31C54}.Ad-Hoc|ARM.ActiveCfg = Release|ARM
		{EECE86F5-6D13-499E-B318-2672EFC31C54}.Ad-Hoc|ARM.Build.0 = Release|ARM
		{EECE86F5-6D13-499E-B318-2672EFC31C54}.Ad-Hoc|ARM.Deploy.0 = Release|ARM
		{EECE86F5-6D13-499E-B318-2672EFC31C54}.Ad-Hoc|iPhone.ActiveCfg = Release|x86
		{EECE86F5-6D13-499E-B318-2672EFC31C54}.Ad-Hoc|iPhone.Build.0 = Release|x86
		{EECE86F5-6D13-499E-B318-2672EFC31C54}.Ad-Hoc|iPhone.Deploy.0 = Release|x86
		{EECE86F5-6D13-499E-B318-2672EFC31C54}.Ad-Hoc|iPhoneSimulator.ActiveCfg = Release|x86
		{EECE86F5-6D13-499E-B318-2672EFC31C54}.Ad-Hoc|iPhoneSimulator.Build.0 = Release|x86
		{EECE86F5-6D13-499E-B318-2672EFC31C54}.Ad-Hoc|iPhoneSimulator.Deploy.0 = Release|x86
		{EECE86F5-6D13-499E-B318-2672EFC31C54}.Ad-Hoc|x64.ActiveCfg = Release|x64
		{EECE86F5-6D13-499E-B318-2672EFC31C54}.Ad-Hoc|x64.Build.0 = Release|x64
		{EECE86F5-6D13-499E-B318-2672EFC31C54}.Ad-Hoc|x64.Deploy.0 = Release|x64
		{EECE86F5-6D13-499E-B318-2672EFC31C54}.Ad-Hoc|x86.ActiveCfg = Release|x86
		{EECE86F5-6D13-499E-B318-2672EFC31C54}.Ad-Hoc|x86.Build.0 = Release|x86
		{EECE86F5-6D13-499E-B318-2672EFC31C54}.Ad-Hoc|x86.Deploy.0 = Release|x86
		{EECE86F5-6D13-499E-B318-2672EFC31C54}.AppStore|Any CPU.ActiveCfg = Release|x86
		{EECE86F5-6D13-499E-B318-2672EFC31C54}.AppStore|Any CPU.Build.0 = Release|x86
		{EECE86F5-6D13-499E-B318-2672EFC31C54}.AppStore|Any CPU.Deploy.0 = Release|x86
		{EECE86F5-6D13-499E-B318-2672EFC31C54}.AppStore|ARM.ActiveCfg = Release|ARM
		{EECE86F5-6D13-499E-B318-2672EFC31C54}.AppStore|ARM.Build.0 = Release|ARM
		{EECE86F5-6D13-499E-B318-2672EFC31C54}.AppStore|ARM.Deploy.0 = Release|ARM
		{EECE86F5-6D13-499E-B318-2672EFC31C54}.AppStore|iPhone.ActiveCfg = Release|x86
		{EECE86F5-6D13-499E-B318-2672EFC31C54}.AppStore|iPhone.Build.0 = Release|x86
		{EECE86F5-6D13-499E-B318-2672EFC31C54}.AppStore|iPhone.Deploy.0 = Release|x86
		{EECE86F5-6D13-499E-B318-2672EFC31C54}.AppStore|iPhoneSimulator.ActiveCfg = Release|x86
		{EECE86F5-6D13-499E-B318-2672EFC31C54}.AppStore|iPhoneSimulator.Build.0 = Release|x86
		{EECE86F5-6D13-499E-B318-2672EFC31C54}.AppStore|iPhoneSimulator.Deploy.0 = Release|x86
		{EECE86F5-6D13-499E-B318-2672EFC31C54}.AppStore|x64.ActiveCfg = Release|x64
		{EECE86F5-6D13-499E-B318-2672EFC31C54}.AppStore|x64.Build.0 = Release|x64
		{EECE86F5-6D13-499E-B318-2672EFC31C54}.AppStore|x64.Deploy.0 = Release|x64
		{EECE86F5-6D13-499E-B318-2672EFC31C54}.AppStore|x86.ActiveCfg = Release|x86
		{EECE86F5-6D13-499E-B318-2672EFC31C54}.AppStore|x86.Build.0 = Release|x86
		{EECE86F5-6D13-499E-B318-2672EFC31C54}.AppStore|x86.Deploy.0 = Release|x86
		{EECE86F5-6D13-499E-B318-2672EFC31C54}.Debug|Any CPU.ActiveCfg = Debug|x86
		{EECE86F5-6D13-499E-B318-2672EFC31C54}.Debug|ARM.ActiveCfg = Debug|ARM
		{EECE86F5-6D13-499E-B318-2672EFC31C54}.Debug|ARM.Build.0 = Debug|ARM
		{EECE86F5-6D13-499E-B318-2672EFC31C54}.Debug|ARM.Deploy.0 = Debug|ARM
		{EECE86F5-6D13-499E-B318-2672EFC31C54}.Debug|iPhone.ActiveCfg = Debug|x86
		{EECE86F5-6D13-499E-B318-2672EFC31C54}.Debug|iPhoneSimulator.ActiveCfg = Debug|x86
		{EECE86F5-6D13-499E-B318-2672EFC31C54}.Debug|x64.ActiveCfg = Debug|x64
		{EECE86F5-6D13-499E-B318-2672EFC31C54}.Debug|x64.Build.0 = Debug|x64
		{EECE86F5-6D13-499E-B318-2672EFC31C54}.Debug|x64.Deploy.0 = Debug|x64
		{EECE86F5-6D13-499E-B318-2672EFC31C54}.Debug|x86.ActiveCfg = Debug|x86
		{EECE86F5-6D13-499E-B318-2672EFC31C54}.Debug|x86.Build.0 = Debug|x86
		{EECE86F5-6D13-499E-B318-2672EFC31C54}.Debug|x86.Deploy.0 = Debug|x86
		{EECE86F5-6D13-499E-B318-2672EFC31C54}.Release|Any CPU.ActiveCfg = Release|x86
		{EECE86F5-6D13-499E-B318-2672EFC31C54}.Release|ARM.ActiveCfg = Release|ARM
		{EECE86F5-6D13-499E-B318-2672EFC31C54}.Release|ARM.Build.0 = Release|ARM
		{EECE86F5-6D13-499E-B318-2672EFC31C54}.Release|ARM.Deploy.0 = Release|ARM
		{EECE86F5-6D13-499E-B318-2672EFC31C54}.Release|iPhone.ActiveCfg = Release|x86
		{EECE86F5-6D13-499E-B318-2672EFC31C54}.Release|iPhoneSimulator.ActiveCfg = Release|x86
		{EECE86F5-6D13-499E-B318-2672EFC31C54}.Release|x64.ActiveCfg = Release|x64
		{EECE86F5-6D13-499E-B318-2672EFC31C54}.Release|x64.Build.0 = Release|x64
		{EECE86F5-6D13-499E-B318-2672EFC31C54}.Release|x64.Deploy.0 = Release|x64
		{EECE86F5-6D13-499E-B318-2672EFC31C54}.Release|x86.ActiveCfg = Release|x86
		{EECE86F5-6D13-499E-B318-2672EFC31C54}.Release|x86.Build.0 = Release|x86
		{EECE86F5-6D13-499E-B318-2672EFC31C54}.Release|x86.Deploy.0 = Release|x86
		{15143EFA-184E-48EB-A103-507D1DEC4ABA}.Ad-Hoc|Any CPU.ActiveCfg = Release|Any CPU
		{15143EFA-184E-48EB-A103-507D1DEC4ABA}.Ad-Hoc|Any CPU.Build.0 = Release|Any CPU
		{15143EFA-184E-48EB-A103-507D1DEC4ABA}.Ad-Hoc|Any CPU.Deploy.0 = Release|Any CPU
		{15143EFA-184E-48EB-A103-507D1DEC4ABA}.Ad-Hoc|ARM.ActiveCfg = Release|ARM
		{15143EFA-184E-48EB-A103-507D1DEC4ABA}.Ad-Hoc|ARM.Build.0 = Release|ARM
		{15143EFA-184E-48EB-A103-507D1DEC4ABA}.Ad-Hoc|ARM.Deploy.0 = Release|ARM
		{15143EFA-184E-48EB-A103-507D1DEC4ABA}.Ad-Hoc|iPhone.ActiveCfg = Release|Any CPU
		{15143EFA-184E-48EB-A103-507D1DEC4ABA}.Ad-Hoc|iPhone.Build.0 = Release|Any CPU
		{15143EFA-184E-48EB-A103-507D1DEC4ABA}.Ad-Hoc|iPhone.Deploy.0 = Release|Any CPU
		{15143EFA-184E-48EB-A103-507D1DEC4ABA}.Ad-Hoc|iPhoneSimulator.ActiveCfg = Release|Any CPU
		{15143EFA-184E-48EB-A103-507D1DEC4ABA}.Ad-Hoc|iPhoneSimulator.Build.0 = Release|Any CPU
		{15143EFA-184E-48EB-A103-507D1DEC4ABA}.Ad-Hoc|iPhoneSimulator.Deploy.0 = Release|Any CPU
		{15143EFA-184E-48EB-A103-507D1DEC4ABA}.Ad-Hoc|x64.ActiveCfg = Release|x64
		{15143EFA-184E-48EB-A103-507D1DEC4ABA}.Ad-Hoc|x64.Build.0 = Release|x64
		{15143EFA-184E-48EB-A103-507D1DEC4ABA}.Ad-Hoc|x64.Deploy.0 = Release|x64
		{15143EFA-184E-48EB-A103-507D1DEC4ABA}.Ad-Hoc|x86.ActiveCfg = Release|x86
		{15143EFA-184E-48EB-A103-507D1DEC4ABA}.Ad-Hoc|x86.Build.0 = Release|x86
		{15143EFA-184E-48EB-A103-507D1DEC4ABA}.Ad-Hoc|x86.Deploy.0 = Release|x86
		{15143EFA-184E-48EB-A103-507D1DEC4ABA}.AppStore|Any CPU.ActiveCfg = Release|Any CPU
		{15143EFA-184E-48EB-A103-507D1DEC4ABA}.AppStore|Any CPU.Build.0 = Release|Any CPU
		{15143EFA-184E-48EB-A103-507D1DEC4ABA}.AppStore|Any CPU.Deploy.0 = Release|Any CPU
		{15143EFA-184E-48EB-A103-507D1DEC4ABA}.AppStore|ARM.ActiveCfg = Release|ARM
		{15143EFA-184E-48EB-A103-507D1DEC4ABA}.AppStore|ARM.Build.0 = Release|ARM
		{15143EFA-184E-48EB-A103-507D1DEC4ABA}.AppStore|ARM.Deploy.0 = Release|ARM
		{15143EFA-184E-48EB-A103-507D1DEC4ABA}.AppStore|iPhone.ActiveCfg = Release|Any CPU
		{15143EFA-184E-48EB-A103-507D1DEC4ABA}.AppStore|iPhone.Build.0 = Release|Any CPU
		{15143EFA-184E-48EB-A103-507D1DEC4ABA}.AppStore|iPhone.Deploy.0 = Release|Any CPU
		{15143EFA-184E-48EB-A103-507D1DEC4ABA}.AppStore|iPhoneSimulator.ActiveCfg = Release|Any CPU
		{15143EFA-184E-48EB-A103-507D1DEC4ABA}.AppStore|iPhoneSimulator.Build.0 = Release|Any CPU
		{15143EFA-184E-48EB-A103-507D1DEC4ABA}.AppStore|iPhoneSimulator.Deploy.0 = Release|Any CPU
		{15143EFA-184E-48EB-A103-507D1DEC4ABA}.AppStore|x64.ActiveCfg = Release|x64
		{15143EFA-184E-48EB-A103-507D1DEC4ABA}.AppStore|x64.Build.0 = Release|x64
		{15143EFA-184E-48EB-A103-507D1DEC4ABA}.AppStore|x64.Deploy.0 = Release|x64
		{15143EFA-184E-48EB-A103-507D1DEC4ABA}.AppStore|x86.ActiveCfg = Release|x86
		{15143EFA-184E-48EB-A103-507D1DEC4ABA}.AppStore|x86.Build.0 = Release|x86
		{15143EFA-184E-48EB-A103-507D1DEC4ABA}.AppStore|x86.Deploy.0 = Release|x86
		{15143EFA-184E-48EB-A103-507D1DEC4ABA}.Debug|Any CPU.ActiveCfg = Debug|Any CPU
		{15143EFA-184E-48EB-A103-507D1DEC4ABA}.Debug|Any CPU.Build.0 = Debug|Any CPU
		{15143EFA-184E-48EB-A103-507D1DEC4ABA}.Debug|Any CPU.Deploy.0 = Debug|Any CPU
		{15143EFA-184E-48EB-A103-507D1DEC4ABA}.Debug|ARM.ActiveCfg = Debug|ARM
		{15143EFA-184E-48EB-A103-507D1DEC4ABA}.Debug|ARM.Build.0 = Debug|ARM
		{15143EFA-184E-48EB-A103-507D1DEC4ABA}.Debug|ARM.Deploy.0 = Debug|ARM
		{15143EFA-184E-48EB-A103-507D1DEC4ABA}.Debug|iPhone.ActiveCfg = Debug|Any CPU
		{15143EFA-184E-48EB-A103-507D1DEC4ABA}.Debug|iPhone.Build.0 = Debug|Any CPU
		{15143EFA-184E-48EB-A103-507D1DEC4ABA}.Debug|iPhone.Deploy.0 = Debug|Any CPU
		{15143EFA-184E-48EB-A103-507D1DEC4ABA}.Debug|iPhoneSimulator.ActiveCfg = Debug|Any CPU
		{15143EFA-184E-48EB-A103-507D1DEC4ABA}.Debug|iPhoneSimulator.Build.0 = Debug|Any CPU
		{15143EFA-184E-48EB-A103-507D1DEC4ABA}.Debug|iPhoneSimulator.Deploy.0 = Debug|Any CPU
		{15143EFA-184E-48EB-A103-507D1DEC4ABA}.Debug|x64.ActiveCfg = Debug|x64
		{15143EFA-184E-48EB-A103-507D1DEC4ABA}.Debug|x64.Build.0 = Debug|x64
		{15143EFA-184E-48EB-A103-507D1DEC4ABA}.Debug|x64.Deploy.0 = Debug|x64
		{15143EFA-184E-48EB-A103-507D1DEC4ABA}.Debug|x86.ActiveCfg = Debug|x86
		{15143EFA-184E-48EB-A103-507D1DEC4ABA}.Debug|x86.Build.0 = Debug|x86
		{15143EFA-184E-48EB-A103-507D1DEC4ABA}.Debug|x86.Deploy.0 = Debug|x86
		{15143EFA-184E-48EB-A103-507D1DEC4ABA}.Release|Any CPU.ActiveCfg = Release|Any CPU
		{15143EFA-184E-48EB-A103-507D1DEC4ABA}.Release|Any CPU.Build.0 = Release|Any CPU
		{15143EFA-184E-48EB-A103-507D1DEC4ABA}.Release|Any CPU.Deploy.0 = Release|Any CPU
		{15143EFA-184E-48EB-A103-507D1DEC4ABA}.Release|ARM.ActiveCfg = Release|ARM
		{15143EFA-184E-48EB-A103-507D1DEC4ABA}.Release|ARM.Build.0 = Release|ARM
		{15143EFA-184E-48EB-A103-507D1DEC4ABA}.Release|ARM.Deploy.0 = Release|ARM
		{15143EFA-184E-48EB-A103-507D1DEC4ABA}.Release|iPhone.ActiveCfg = Release|Any CPU
		{15143EFA-184E-48EB-A103-507D1DEC4ABA}.Release|iPhone.Build.0 = Release|Any CPU
		{15143EFA-184E-48EB-A103-507D1DEC4ABA}.Release|iPhone.Deploy.0 = Release|Any CPU
		{15143EFA-184E-48EB-A103-507D1DEC4ABA}.Release|iPhoneSimulator.ActiveCfg = Release|Any CPU
		{15143EFA-184E-48EB-A103-507D1DEC4ABA}.Release|iPhoneSimulator.Build.0 = Release|Any CPU
		{15143EFA-184E-48EB-A103-507D1DEC4ABA}.Release|iPhoneSimulator.Deploy.0 = Release|Any CPU
		{15143EFA-184E-48EB-A103-507D1DEC4ABA}.Release|x64.ActiveCfg = Release|x64
		{15143EFA-184E-48EB-A103-507D1DEC4ABA}.Release|x64.Build.0 = Release|x64
		{15143EFA-184E-48EB-A103-507D1DEC4ABA}.Release|x64.Deploy.0 = Release|x64
		{15143EFA-184E-48EB-A103-507D1DEC4ABA}.Release|x86.ActiveCfg = Release|x86
		{15143EFA-184E-48EB-A103-507D1DEC4ABA}.Release|x86.Build.0 = Release|x86
		{15143EFA-184E-48EB-A103-507D1DEC4ABA}.Release|x86.Deploy.0 = Release|x86
		{2AF9C0D4-1F3B-49E6-99B0-0112C7133917}.Ad-Hoc|Any CPU.ActiveCfg = Release|Any CPU
		{2AF9C0D4-1F3B-49E6-99B0-0112C7133917}.Ad-Hoc|Any CPU.Build.0 = Release|Any CPU
		{2AF9C0D4-1F3B-49E6-99B0-0112C7133917}.Ad-Hoc|ARM.ActiveCfg = Release|Any CPU
		{2AF9C0D4-1F3B-49E6-99B0-0112C7133917}.Ad-Hoc|ARM.Build.0 = Release|Any CPU
		{2AF9C0D4-1F3B-49E6-99B0-0112C7133917}.Ad-Hoc|iPhone.ActiveCfg = Release|Any CPU
		{2AF9C0D4-1F3B-49E6-99B0-0112C7133917}.Ad-Hoc|iPhone.Build.0 = Release|Any CPU
		{2AF9C0D4-1F3B-49E6-99B0-0112C7133917}.Ad-Hoc|iPhoneSimulator.ActiveCfg = Release|Any CPU
		{2AF9C0D4-1F3B-49E6-99B0-0112C7133917}.Ad-Hoc|iPhoneSimulator.Build.0 = Release|Any CPU
		{2AF9C0D4-1F3B-49E6-99B0-0112C7133917}.Ad-Hoc|x64.ActiveCfg = Release|Any CPU
		{2AF9C0D4-1F3B-49E6-99B0-0112C7133917}.Ad-Hoc|x64.Build.0 = Release|Any CPU
		{2AF9C0D4-1F3B-49E6-99B0-0112C7133917}.Ad-Hoc|x86.ActiveCfg = Release|Any CPU
		{2AF9C0D4-1F3B-49E6-99B0-0112C7133917}.Ad-Hoc|x86.Build.0 = Release|Any CPU
		{2AF9C0D4-1F3B-49E6-99B0-0112C7133917}.AppStore|Any CPU.ActiveCfg = Release|Any CPU
		{2AF9C0D4-1F3B-49E6-99B0-0112C7133917}.AppStore|Any CPU.Build.0 = Release|Any CPU
		{2AF9C0D4-1F3B-49E6-99B0-0112C7133917}.AppStore|ARM.ActiveCfg = Release|Any CPU
		{2AF9C0D4-1F3B-49E6-99B0-0112C7133917}.AppStore|ARM.Build.0 = Release|Any CPU
		{2AF9C0D4-1F3B-49E6-99B0-0112C7133917}.AppStore|iPhone.ActiveCfg = Release|Any CPU
		{2AF9C0D4-1F3B-49E6-99B0-0112C7133917}.AppStore|iPhone.Build.0 = Release|Any CPU
		{2AF9C0D4-1F3B-49E6-99B0-0112C7133917}.AppStore|iPhoneSimulator.ActiveCfg = Release|Any CPU
		{2AF9C0D4-1F3B-49E6-99B0-0112C7133917}.AppStore|iPhoneSimulator.Build.0 = Release|Any CPU
		{2AF9C0D4-1F3B-49E6-99B0-0112C7133917}.AppStore|x64.ActiveCfg = Release|Any CPU
		{2AF9C0D4-1F3B-49E6-99B0-0112C7133917}.AppStore|x64.Build.0 = Release|Any CPU
		{2AF9C0D4-1F3B-49E6-99B0-0112C7133917}.AppStore|x86.ActiveCfg = Release|Any CPU
		{2AF9C0D4-1F3B-49E6-99B0-0112C7133917}.AppStore|x86.Build.0 = Release|Any CPU
		{2AF9C0D4-1F3B-49E6-99B0-0112C7133917}.Debug|Any CPU.ActiveCfg = Debug|Any CPU
		{2AF9C0D4-1F3B-49E6-99B0-0112C7133917}.Debug|Any CPU.Build.0 = Debug|Any CPU
		{2AF9C0D4-1F3B-49E6-99B0-0112C7133917}.Debug|ARM.ActiveCfg = Debug|Any CPU
		{2AF9C0D4-1F3B-49E6-99B0-0112C7133917}.Debug|ARM.Build.0 = Debug|Any CPU
		{2AF9C0D4-1F3B-49E6-99B0-0112C7133917}.Debug|iPhone.ActiveCfg = Debug|Any CPU
		{2AF9C0D4-1F3B-49E6-99B0-0112C7133917}.Debug|iPhone.Build.0 = Debug|Any CPU
		{2AF9C0D4-1F3B-49E6-99B0-0112C7133917}.Debug|iPhoneSimulator.ActiveCfg = Debug|Any CPU
		{2AF9C0D4-1F3B-49E6-99B0-0112C7133917}.Debug|iPhoneSimulator.Build.0 = Debug|Any CPU
		{2AF9C0D4-1F3B-49E6-99B0-0112C7133917}.Debug|x64.ActiveCfg = Debug|Any CPU
		{2AF9C0D4-1F3B-49E6-99B0-0112C7133917}.Debug|x64.Build.0 = Debug|Any CPU
		{2AF9C0D4-1F3B-49E6-99B0-0112C7133917}.Debug|x86.ActiveCfg = Debug|Any CPU
		{2AF9C0D4-1F3B-49E6-99B0-0112C7133917}.Debug|x86.Build.0 = Debug|Any CPU
		{2AF9C0D4-1F3B-49E6-99B0-0112C7133917}.Release|Any CPU.ActiveCfg = Release|Any CPU
		{2AF9C0D4-1F3B-49E6-99B0-0112C7133917}.Release|Any CPU.Build.0 = Release|Any CPU
		{2AF9C0D4-1F3B-49E6-99B0-0112C7133917}.Release|ARM.ActiveCfg = Release|Any CPU
		{2AF9C0D4-1F3B-49E6-99B0-0112C7133917}.Release|ARM.Build.0 = Release|Any CPU
		{2AF9C0D4-1F3B-49E6-99B0-0112C7133917}.Release|iPhone.ActiveCfg = Release|Any CPU
		{2AF9C0D4-1F3B-49E6-99B0-0112C7133917}.Release|iPhone.Build.0 = Release|Any CPU
		{2AF9C0D4-1F3B-49E6-99B0-0112C7133917}.Release|iPhoneSimulator.ActiveCfg = Release|Any CPU
		{2AF9C0D4-1F3B-49E6-99B0-0112C7133917}.Release|iPhoneSimulator.Build.0 = Release|Any CPU
		{2AF9C0D4-1F3B-49E6-99B0-0112C7133917}.Release|x64.ActiveCfg = Release|Any CPU
		{2AF9C0D4-1F3B-49E6-99B0-0112C7133917}.Release|x64.Build.0 = Release|Any CPU
		{2AF9C0D4-1F3B-49E6-99B0-0112C7133917}.Release|x86.ActiveCfg = Release|Any CPU
		{2AF9C0D4-1F3B-49E6-99B0-0112C7133917}.Release|x86.Build.0 = Release|Any CPU
	EndGlobalSection
	GlobalSection(SolutionProperties) = preSolution
		HideSolutionNode = FALSE
	EndGlobalSection
	GlobalSection(NestedProjects) = preSolution
		{C480E5B4-60F3-4247-9824-02E96BBE43F3} = {784392B3-5C21-4EAF-87D9-3C372039AD55}
		{84689B33-AB6C-4052-B6BC-69624CE7E84D} = {784392B3-5C21-4EAF-87D9-3C372039AD55}
		{B14759F8-85E8-4EA9-8692-EAB408AE8096} = {784392B3-5C21-4EAF-87D9-3C372039AD55}
		{EECE86F5-6D13-499E-B318-2672EFC31C54} = {784392B3-5C21-4EAF-87D9-3C372039AD55}
		{15143EFA-184E-48EB-A103-507D1DEC4ABA} = {784392B3-5C21-4EAF-87D9-3C372039AD55}
	EndGlobalSection
EndGlobal
